
Microsoft Visual Studio Solution File, Format Version 12.00
# Visual Studio Version 17
VisualStudioVersion = 17.12.35527.113
MinimumVisualStudioVersion = 10.0.40219.1
Project("{2150E333-8FDC-42A3-9474-1A3956D46DE8}") = "RabbitMQ", "RabbitMQ", "{8CEDC243-EE72-49D5-83B6-24E2EC310970}"
EndProject
Project("{2150E333-8FDC-42A3-9474-1A3956D46DE8}") = "AzureServiceBus", "AzureServiceBus", "{95CC64A9-700F-4C0C-91B4-28ADACC15D9F}"
EndProject
Project("{FAE04EC0-301F-11D3-BF4B-00C04F79EFBC}") = "1.Receiver", "1.Receiver\1.Receiver.csproj", "{C53B1176-460E-4C0A-874C-D7E6896A7204}"
EndProject
Project("{FAE04EC0-301F-11D3-BF4B-00C04F79EFBC}") = "2.PublishToTopic", "2.PublishToTopic\2.PublishToTopic.csproj", "{04894EAD-3A6E-4851-9912-96CC6E69C028}"
EndProject
Project("{FAE04EC0-301F-11D3-BF4B-00C04F79EFBC}") = "2.SubscribeToTopic", "2.SubscribeToTopic\2.SubscribeToTopic.csproj", "{653FFD12-B9A4-4A73-9721-FFF3C73A9F37}"
EndProject
Project("{FAE04EC0-301F-11D3-BF4B-00C04F79EFBC}") = "3.PubSubWithFilterReceiver", "3.PubSubWithFilter\3.PubSubWithFilterReceiver.csproj", "{3AEE5B14-EDD0-4DBD-B91A-2ABB32435401}"
EndProject
Project("{FAE04EC0-301F-11D3-BF4B-00C04F79EFBC}") = "3.PubSubWithFilterSender", "3.PubSubWithFilterSender\3.PubSubWithFilterSender.csproj", "{94FD1720-C359-43E8-A37C-9C624D1EBB79}"
EndProject
Project("{FAE04EC0-301F-11D3-BF4B-00C04F79EFBC}") = "4.MessageSessionSender", "4.MessageSessionSender\4.MessageSessionSender.csproj", "{8BE84748-7000-4D06-9A64-224554575B89}"
EndProject
Project("{FAE04EC0-301F-11D3-BF4B-00C04F79EFBC}") = "4.MessageSessionReceiver", "4.MessageSessionReceiver\4.MessageSessionReceiver.csproj", "{E7187A96-6C0D-4BA2-BB18-0609227B30D8}"
EndProject
Project("{FAE04EC0-301F-11D3-BF4B-00C04F79EFBC}") = "1.Sender", "1.Sender\1.Sender.csproj", "{727063BD-9653-4F09-8F30-B79B5BE5DCB2}"
EndProject
Project("{FAE04EC0-301F-11D3-BF4B-00C04F79EFBC}") = "5.ScheduledMessageSender", "5.ScheduledMessageSender\5.ScheduledMessageSender.csproj", "{09FF50A0-8EB9-4326-9608-D701FCA38B9E}"
EndProject
Project("{FAE04EC0-301F-11D3-BF4B-00C04F79EFBC}") = "5.ScheduledMessageReceiver", "5.ScheduledAndDeferredMessageReceiver\5.ScheduledMessageReceiver.csproj", "{C98E8FAE-1C76-455A-BC05-8705EE86CE5B}"
EndProject
Project("{FAE04EC0-301F-11D3-BF4B-00C04F79EFBC}") = "5.DeferredMessages", "5.DeferredMessages\5.DeferredMessages.csproj", "{A0BB960E-0119-49C8-818D-C76DA83C47F3}"
EndProject
Project("{FAE04EC0-301F-11D3-BF4B-00C04F79EFBC}") = "6.Transactions", "6.Transactions\6.Transactions.csproj", "{40C479A6-95C8-4A6F-9AA4-44C8D193E5A6}"
EndProject
Project("{FAE04EC0-301F-11D3-BF4B-00C04F79EFBC}") = "6.CrossEntityTransactions", "6.CrossEntityTransactions\6.CrossEntityTransactions.csproj", "{30D53A0A-761F-449B-90ED-388BE3E831B2}"
EndProject
Project("{2150E333-8FDC-42A3-9474-1A3956D46DE8}") = "AWSSQSSNS", "AWSSQSSNS", "{4746D5D5-DC75-4F2C-8E3F-A70FF8EEC7E9}"
EndProject
Project("{FAE04EC0-301F-11D3-BF4B-00C04F79EFBC}") = "1.StandardQueueSend", "1.StandardQueueSend\1.StandardQueueSend.csproj", "{F58CA007-9629-4830-8265-53B391431A46}"
EndProject
Project("{FAE04EC0-301F-11D3-BF4B-00C04F79EFBC}") = "1.StandardQueueReceive", "1.StandardQueueReceive\1.StandardQueueReceive.csproj", "{58DD1BCF-AA56-4167-8212-201FEB90A76D}"
EndProject
Project("{FAE04EC0-301F-11D3-BF4B-00C04F79EFBC}") = "2.BatchSend", "2.BatchSend\2.BatchSend.csproj", "{6CDFD84A-1E8F-495E-8288-E8C1C910ACC5}"
EndProject
Project("{FAE04EC0-301F-11D3-BF4B-00C04F79EFBC}") = "2.BatchReceive", "2.BatchReceive\2.BatchReceive.csproj", "{30E43D9C-46D9-40E4-91F4-13FA46F63B77}"
EndProject
Project("{FAE04EC0-301F-11D3-BF4B-00C04F79EFBC}") = "3.MessageTimerSend", "3.MessageTimerSend\3.MessageTimerSend.csproj", "{FE76E85E-821C-40F1-AE06-F8C13554C54E}"
EndProject
Project("{FAE04EC0-301F-11D3-BF4B-00C04F79EFBC}") = "3.MessageTimerReceive", "3.MessageTimerReceive\3.MessageTimerReceive.csproj", "{7825D05A-E07C-4859-8175-2067D6E64E7B}"
EndProject
Project("{FAE04EC0-301F-11D3-BF4B-00C04F79EFBC}") = "5.DLQReceive", "5.DLQReceive\5.DLQReceive.csproj", "{15E50571-CFE3-4114-8E65-8BA1A0F68FD7}"
EndProject
Project("{FAE04EC0-301F-11D3-BF4B-00C04F79EFBC}") = "6.PublishToTopic", "6.PublishToTopic\6.PublishToTopic.csproj", "{BB03FB6B-FE9E-44CE-9B3C-186334D3A2CF}"
EndProject
Project("{FAE04EC0-301F-11D3-BF4B-00C04F79EFBC}") = "6.SubscribeQueueToTopic", "6.SubscribeQueueToTopic\6.SubscribeQueueToTopic.csproj", "{12BE6EB3-F023-4A46-B91C-1688ACC60036}"
EndProject
Project("{FAE04EC0-301F-11D3-BF4B-00C04F79EFBC}") = "6.SubscribeReceive", "6.SubscribeReceive\6.SubscribeReceive.csproj", "{2EF49DF8-84EF-4A91-AD2E-573BF34B6BD3}"
EndProject
Project("{FAE04EC0-301F-11D3-BF4B-00C04F79EFBC}") = "7.BatchSend", "7.BatchSend\7.BatchSend.csproj", "{B9391211-38D5-4CC7-8936-ACD1B582FFAA}"
EndProject
Project("{FAE04EC0-301F-11D3-BF4B-00C04F79EFBC}") = "7.BatchReceive", "7.PrefetchReceive\7.BatchReceive.csproj", "{F2BC0E16-D19D-424E-9608-CB8BED6934D1}"
EndProject
Global
	GlobalSection(SolutionConfigurationPlatforms) = preSolution
		Debug|Any CPU = Debug|Any CPU
		Release|Any CPU = Release|Any CPU
	EndGlobalSection
	GlobalSection(ProjectConfigurationPlatforms) = postSolution
		{C53B1176-460E-4C0A-874C-D7E6896A7204}.Debug|Any CPU.ActiveCfg = Debug|Any CPU
		{C53B1176-460E-4C0A-874C-D7E6896A7204}.Debug|Any CPU.Build.0 = Debug|Any CPU
		{C53B1176-460E-4C0A-874C-D7E6896A7204}.Release|Any CPU.ActiveCfg = Release|Any CPU
		{C53B1176-460E-4C0A-874C-D7E6896A7204}.Release|Any CPU.Build.0 = Release|Any CPU
		{04894EAD-3A6E-4851-9912-96CC6E69C028}.Debug|Any CPU.ActiveCfg = Debug|Any CPU
		{04894EAD-3A6E-4851-9912-96CC6E69C028}.Debug|Any CPU.Build.0 = Debug|Any CPU
		{04894EAD-3A6E-4851-9912-96CC6E69C028}.Release|Any CPU.ActiveCfg = Release|Any CPU
		{04894EAD-3A6E-4851-9912-96CC6E69C028}.Release|Any CPU.Build.0 = Release|Any CPU
		{653FFD12-B9A4-4A73-9721-FFF3C73A9F37}.Debug|Any CPU.ActiveCfg = Debug|Any CPU
		{653FFD12-B9A4-4A73-9721-FFF3C73A9F37}.Debug|Any CPU.Build.0 = Debug|Any CPU
		{653FFD12-B9A4-4A73-9721-FFF3C73A9F37}.Release|Any CPU.ActiveCfg = Release|Any CPU
		{653FFD12-B9A4-4A73-9721-FFF3C73A9F37}.Release|Any CPU.Build.0 = Release|Any CPU
		{3AEE5B14-EDD0-4DBD-B91A-2ABB32435401}.Debug|Any CPU.ActiveCfg = Debug|Any CPU
		{3AEE5B14-EDD0-4DBD-B91A-2ABB32435401}.Debug|Any CPU.Build.0 = Debug|Any CPU
		{3AEE5B14-EDD0-4DBD-B91A-2ABB32435401}.Release|Any CPU.ActiveCfg = Release|Any CPU
		{3AEE5B14-EDD0-4DBD-B91A-2ABB32435401}.Release|Any CPU.Build.0 = Release|Any CPU
		{94FD1720-C359-43E8-A37C-9C624D1EBB79}.Debug|Any CPU.ActiveCfg = Debug|Any CPU
		{94FD1720-C359-43E8-A37C-9C624D1EBB79}.Debug|Any CPU.Build.0 = Debug|Any CPU
		{94FD1720-C359-43E8-A37C-9C624D1EBB79}.Release|Any CPU.ActiveCfg = Release|Any CPU
		{94FD1720-C359-43E8-A37C-9C624D1EBB79}.Release|Any CPU.Build.0 = Release|Any CPU
		{8BE84748-7000-4D06-9A64-224554575B89}.Debug|Any CPU.ActiveCfg = Debug|Any CPU
		{8BE84748-7000-4D06-9A64-224554575B89}.Debug|Any CPU.Build.0 = Debug|Any CPU
		{8BE84748-7000-4D06-9A64-224554575B89}.Release|Any CPU.ActiveCfg = Release|Any CPU
		{8BE84748-7000-4D06-9A64-224554575B89}.Release|Any CPU.Build.0 = Release|Any CPU
		{E7187A96-6C0D-4BA2-BB18-0609227B30D8}.Debug|Any CPU.ActiveCfg = Debug|Any CPU
		{E7187A96-6C0D-4BA2-BB18-0609227B30D8}.Debug|Any CPU.Build.0 = Debug|Any CPU
		{E7187A96-6C0D-4BA2-BB18-0609227B30D8}.Release|Any CPU.ActiveCfg = Release|Any CPU
		{E7187A96-6C0D-4BA2-BB18-0609227B30D8}.Release|Any CPU.Build.0 = Release|Any CPU
		{727063BD-9653-4F09-8F30-B79B5BE5DCB2}.Debug|Any CPU.ActiveCfg = Debug|Any CPU
		{727063BD-9653-4F09-8F30-B79B5BE5DCB2}.Debug|Any CPU.Build.0 = Debug|Any CPU
		{727063BD-9653-4F09-8F30-B79B5BE5DCB2}.Release|Any CPU.ActiveCfg = Release|Any CPU
		{727063BD-9653-4F09-8F30-B79B5BE5DCB2}.Release|Any CPU.Build.0 = Release|Any CPU
		{09FF50A0-8EB9-4326-9608-D701FCA38B9E}.Debug|Any CPU.ActiveCfg = Debug|Any CPU
		{09FF50A0-8EB9-4326-9608-D701FCA38B9E}.Debug|Any CPU.Build.0 = Debug|Any CPU
		{09FF50A0-8EB9-4326-9608-D701FCA38B9E}.Release|Any CPU.ActiveCfg = Release|Any CPU
		{09FF50A0-8EB9-4326-9608-D701FCA38B9E}.Release|Any CPU.Build.0 = Release|Any CPU
		{C98E8FAE-1C76-455A-BC05-8705EE86CE5B}.Debug|Any CPU.ActiveCfg = Debug|Any CPU
		{C98E8FAE-1C76-455A-BC05-8705EE86CE5B}.Debug|Any CPU.Build.0 = Debug|Any CPU
		{C98E8FAE-1C76-455A-BC05-8705EE86CE5B}.Release|Any CPU.ActiveCfg = Release|Any CPU
		{C98E8FAE-1C76-455A-BC05-8705EE86CE5B}.Release|Any CPU.Build.0 = Release|Any CPU
		{A0BB960E-0119-49C8-818D-C76DA83C47F3}.Debug|Any CPU.ActiveCfg = Debug|Any CPU
		{A0BB960E-0119-49C8-818D-C76DA83C47F3}.Debug|Any CPU.Build.0 = Debug|Any CPU
		{A0BB960E-0119-49C8-818D-C76DA83C47F3}.Release|Any CPU.ActiveCfg = Release|Any CPU
		{A0BB960E-0119-49C8-818D-C76DA83C47F3}.Release|Any CPU.Build.0 = Release|Any CPU
		{40C479A6-95C8-4A6F-9AA4-44C8D193E5A6}.Debug|Any CPU.ActiveCfg = Debug|Any CPU
		{40C479A6-95C8-4A6F-9AA4-44C8D193E5A6}.Debug|Any CPU.Build.0 = Debug|Any CPU
		{40C479A6-95C8-4A6F-9AA4-44C8D193E5A6}.Release|Any CPU.ActiveCfg = Release|Any CPU
		{40C479A6-95C8-4A6F-9AA4-44C8D193E5A6}.Release|Any CPU.Build.0 = Release|Any CPU
		{30D53A0A-761F-449B-90ED-388BE3E831B2}.Debug|Any CPU.ActiveCfg = Debug|Any CPU
		{30D53A0A-761F-449B-90ED-388BE3E831B2}.Debug|Any CPU.Build.0 = Debug|Any CPU
		{30D53A0A-761F-449B-90ED-388BE3E831B2}.Release|Any CPU.ActiveCfg = Release|Any CPU
		{30D53A0A-761F-449B-90ED-388BE3E831B2}.Release|Any CPU.Build.0 = Release|Any CPU
		{F58CA007-9629-4830-8265-53B391431A46}.Debug|Any CPU.ActiveCfg = Debug|Any CPU
		{F58CA007-9629-4830-8265-53B391431A46}.Debug|Any CPU.Build.0 = Debug|Any CPU
		{F58CA007-9629-4830-8265-53B391431A46}.Release|Any CPU.ActiveCfg = Release|Any CPU
		{F58CA007-9629-4830-8265-53B391431A46}.Release|Any CPU.Build.0 = Release|Any CPU
		{58DD1BCF-AA56-4167-8212-201FEB90A76D}.Debug|Any CPU.ActiveCfg = Debug|Any CPU
		{58DD1BCF-AA56-4167-8212-201FEB90A76D}.Debug|Any CPU.Build.0 = Debug|Any CPU
		{58DD1BCF-AA56-4167-8212-201FEB90A76D}.Release|Any CPU.ActiveCfg = Release|Any CPU
		{58DD1BCF-AA56-4167-8212-201FEB90A76D}.Release|Any CPU.Build.0 = Release|Any CPU
		{6CDFD84A-1E8F-495E-8288-E8C1C910ACC5}.Debug|Any CPU.ActiveCfg = Debug|Any CPU
		{6CDFD84A-1E8F-495E-8288-E8C1C910ACC5}.Debug|Any CPU.Build.0 = Debug|Any CPU
		{6CDFD84A-1E8F-495E-8288-E8C1C910ACC5}.Release|Any CPU.ActiveCfg = Release|Any CPU
		{6CDFD84A-1E8F-495E-8288-E8C1C910ACC5}.Release|Any CPU.Build.0 = Release|Any CPU
		{30E43D9C-46D9-40E4-91F4-13FA46F63B77}.Debug|Any CPU.ActiveCfg = Debug|Any CPU
		{30E43D9C-46D9-40E4-91F4-13FA46F63B77}.Debug|Any CPU.Build.0 = Debug|Any CPU
		{30E43D9C-46D9-40E4-91F4-13FA46F63B77}.Release|Any CPU.ActiveCfg = Release|Any CPU
		{30E43D9C-46D9-40E4-91F4-13FA46F63B77}.Release|Any CPU.Build.0 = Release|Any CPU
		{FE76E85E-821C-40F1-AE06-F8C13554C54E}.Debug|Any CPU.ActiveCfg = Debug|Any CPU
		{FE76E85E-821C-40F1-AE06-F8C13554C54E}.Debug|Any CPU.Build.0 = Debug|Any CPU
		{FE76E85E-821C-40F1-AE06-F8C13554C54E}.Release|Any CPU.ActiveCfg = Release|Any CPU
		{FE76E85E-821C-40F1-AE06-F8C13554C54E}.Release|Any CPU.Build.0 = Release|Any CPU
		{7825D05A-E07C-4859-8175-2067D6E64E7B}.Debug|Any CPU.ActiveCfg = Debug|Any CPU
		{7825D05A-E07C-4859-8175-2067D6E64E7B}.Debug|Any CPU.Build.0 = Debug|Any CPU
		{7825D05A-E07C-4859-8175-2067D6E64E7B}.Release|Any CPU.ActiveCfg = Release|Any CPU
		{7825D05A-E07C-4859-8175-2067D6E64E7B}.Release|Any CPU.Build.0 = Release|Any CPU
		{15E50571-CFE3-4114-8E65-8BA1A0F68FD7}.Debug|Any CPU.ActiveCfg = Debug|Any CPU
		{15E50571-CFE3-4114-8E65-8BA1A0F68FD7}.Debug|Any CPU.Build.0 = Debug|Any CPU
		{15E50571-CFE3-4114-8E65-8BA1A0F68FD7}.Release|Any CPU.ActiveCfg = Release|Any CPU
		{15E50571-CFE3-4114-8E65-8BA1A0F68FD7}.Release|Any CPU.Build.0 = Release|Any CPU
		{BB03FB6B-FE9E-44CE-9B3C-186334D3A2CF}.Debug|Any CPU.ActiveCfg = Debug|Any CPU
		{BB03FB6B-FE9E-44CE-9B3C-186334D3A2CF}.Debug|Any CPU.Build.0 = Debug|Any CPU
		{BB03FB6B-FE9E-44CE-9B3C-186334D3A2CF}.Release|Any CPU.ActiveCfg = Release|Any CPU
		{BB03FB6B-FE9E-44CE-9B3C-186334D3A2CF}.Release|Any CPU.Build.0 = Release|Any CPU
		{12BE6EB3-F023-4A46-B91C-1688ACC60036}.Debug|Any CPU.ActiveCfg = Debug|Any CPU
		{12BE6EB3-F023-4A46-B91C-1688ACC60036}.Debug|Any CPU.Build.0 = Debug|Any CPU
		{12BE6EB3-F023-4A46-B91C-1688ACC60036}.Release|Any CPU.ActiveCfg = Release|Any CPU
		{12BE6EB3-F023-4A46-B91C-1688ACC60036}.Release|Any CPU.Build.0 = Release|Any CPU
		{2EF49DF8-84EF-4A91-AD2E-573BF34B6BD3}.Debug|Any CPU.ActiveCfg = Debug|Any CPU
		{2EF49DF8-84EF-4A91-AD2E-573BF34B6BD3}.Debug|Any CPU.Build.0 = Debug|Any CPU
		{2EF49DF8-84EF-4A91-AD2E-573BF34B6BD3}.Release|Any CPU.ActiveCfg = Release|Any CPU
		{2EF49DF8-84EF-4A91-AD2E-573BF34B6BD3}.Release|Any CPU.Build.0 = Release|Any CPU
		{B9391211-38D5-4CC7-8936-ACD1B582FFAA}.Debug|Any CPU.ActiveCfg = Debug|Any CPU
		{B9391211-38D5-4CC7-8936-ACD1B582FFAA}.Debug|Any CPU.Build.0 = Debug|Any CPU
		{B9391211-38D5-4CC7-8936-ACD1B582FFAA}.Release|Any CPU.ActiveCfg = Release|Any CPU
		{B9391211-38D5-4CC7-8936-ACD1B582FFAA}.Release|Any CPU.Build.0 = Release|Any CPU
		{F2BC0E16-D19D-424E-9608-CB8BED6934D1}.Debug|Any CPU.ActiveCfg = Debug|Any CPU
		{F2BC0E16-D19D-424E-9608-CB8BED6934D1}.Debug|Any CPU.Build.0 = Debug|Any CPU
		{F2BC0E16-D19D-424E-9608-CB8BED6934D1}.Release|Any CPU.ActiveCfg = Release|Any CPU
		{F2BC0E16-D19D-424E-9608-CB8BED6934D1}.Release|Any CPU.Build.0 = Release|Any CPU
	EndGlobalSection
	GlobalSection(SolutionProperties) = preSolution
		HideSolutionNode = FALSE
	EndGlobalSection
	GlobalSection(NestedProjects) = preSolution
		{C53B1176-460E-4C0A-874C-D7E6896A7204} = {95CC64A9-700F-4C0C-91B4-28ADACC15D9F}
		{04894EAD-3A6E-4851-9912-96CC6E69C028} = {95CC64A9-700F-4C0C-91B4-28ADACC15D9F}
		{653FFD12-B9A4-4A73-9721-FFF3C73A9F37} = {95CC64A9-700F-4C0C-91B4-28ADACC15D9F}
		{3AEE5B14-EDD0-4DBD-B91A-2ABB32435401} = {95CC64A9-700F-4C0C-91B4-28ADACC15D9F}
		{94FD1720-C359-43E8-A37C-9C624D1EBB79} = {95CC64A9-700F-4C0C-91B4-28ADACC15D9F}
		{8BE84748-7000-4D06-9A64-224554575B89} = {95CC64A9-700F-4C0C-91B4-28ADACC15D9F}
		{E7187A96-6C0D-4BA2-BB18-0609227B30D8} = {95CC64A9-700F-4C0C-91B4-28ADACC15D9F}
		{727063BD-9653-4F09-8F30-B79B5BE5DCB2} = {95CC64A9-700F-4C0C-91B4-28ADACC15D9F}
		{09FF50A0-8EB9-4326-9608-D701FCA38B9E} = {95CC64A9-700F-4C0C-91B4-28ADACC15D9F}
		{C98E8FAE-1C76-455A-BC05-8705EE86CE5B} = {95CC64A9-700F-4C0C-91B4-28ADACC15D9F}
		{A0BB960E-0119-49C8-818D-C76DA83C47F3} = {95CC64A9-700F-4C0C-91B4-28ADACC15D9F}
		{40C479A6-95C8-4A6F-9AA4-44C8D193E5A6} = {95CC64A9-700F-4C0C-91B4-28ADACC15D9F}
		{30D53A0A-761F-449B-90ED-388BE3E831B2} = {95CC64A9-700F-4C0C-91B4-28ADACC15D9F}
		{F58CA007-9629-4830-8265-53B391431A46} = {4746D5D5-DC75-4F2C-8E3F-A70FF8EEC7E9}
		{58DD1BCF-AA56-4167-8212-201FEB90A76D} = {4746D5D5-DC75-4F2C-8E3F-A70FF8EEC7E9}
		{6CDFD84A-1E8F-495E-8288-E8C1C910ACC5} = {4746D5D5-DC75-4F2C-8E3F-A70FF8EEC7E9}
		{30E43D9C-46D9-40E4-91F4-13FA46F63B77} = {4746D5D5-DC75-4F2C-8E3F-A70FF8EEC7E9}
		{FE76E85E-821C-40F1-AE06-F8C13554C54E} = {4746D5D5-DC75-4F2C-8E3F-A70FF8EEC7E9}
		{7825D05A-E07C-4859-8175-2067D6E64E7B} = {4746D5D5-DC75-4F2C-8E3F-A70FF8EEC7E9}
		{15E50571-CFE3-4114-8E65-8BA1A0F68FD7} = {4746D5D5-DC75-4F2C-8E3F-A70FF8EEC7E9}
		{BB03FB6B-FE9E-44CE-9B3C-186334D3A2CF} = {4746D5D5-DC75-4F2C-8E3F-A70FF8EEC7E9}
		{12BE6EB3-F023-4A46-B91C-1688ACC60036} = {4746D5D5-DC75-4F2C-8E3F-A70FF8EEC7E9}
		{2EF49DF8-84EF-4A91-AD2E-573BF34B6BD3} = {4746D5D5-DC75-4F2C-8E3F-A70FF8EEC7E9}
		{B9391211-38D5-4CC7-8936-ACD1B582FFAA} = {95CC64A9-700F-4C0C-91B4-28ADACC15D9F}
		{F2BC0E16-D19D-424E-9608-CB8BED6934D1} = {95CC64A9-700F-4C0C-91B4-28ADACC15D9F}
	EndGlobalSection
EndGlobal
